PODS:
  - Apollo (0.8.0):
    - Apollo/Core (= 0.8.0)
  - Apollo/Core (0.8.0)

DEPENDENCIES:
  - Apollo

SPEC REPOS:
  https://github.com/cocoapods/specs.git:
    - Apollo

SPEC CHECKSUMS:
  Apollo: 66e0f52289551545adb7ecdd994e713fdbae26eb

PODFILE CHECKSUM: 6e36fe7c1c01aca87e0bbd3a525452924e25ea0a

COCOAPODS: 1.5.3
